
Microsoft Visual Studio Solution File, Format Version 12.00
# Visual Studio Version 16
VisualStudioVersion = 16.0.31410.357
MinimumVisualStudioVersion = 10.0.40219.1
Project("{FAE04EC0-301F-11D3-BF4B-00C04F79EFBC}") = "BERTTokenizers", "BERTTokenizers\BERTTokenizers.csproj", "{3A1595BE-D4AD-4D76-BD05-30478CB9F44A}"
EndProject
Project("{FAE04EC0-301F-11D3-BF4B-00C04F79EFBC}") = "BERTTokenizers.Tests", "BERTTokenizersTests\BERTTokenizers.Tests.csproj", "{F8F0CC16-5C69-43B1-980D-3E21FDA0BF31}"
EndProject
Global
	GlobalSection(SolutionConfigurationPlatforms) = preSolution
		Debug|Any CPU = Debug|Any CPU
		Release|Any CPU = Release|Any CPU
	EndGlobalSection
	GlobalSection(ProjectConfigurationPlatforms) = postSolution
		{3A1595BE-D4AD-4D76-BD05-30478CB9F44A}.Debug|Any CPU.ActiveCfg = Debug|Any CPU
		{3A1595BE-D4AD-4D76-BD05-30478CB9F44A}.Debug|Any CPU.Build.0 = Debug|Any CPU
		{3A1595BE-D4AD-4D76-BD05-30478CB9F44A}.Release|Any CPU.ActiveCfg = Release|Any CPU
		{3A1595BE-D4AD-4D76-BD05-30478CB9F44A}.Release|Any CPU.Build.0 = Release|Any CPU
		{F8F0CC16-5C69-43B1-980D-3E21FDA0BF31}.Debug|Any CPU.ActiveCfg = Debug|Any CPU
		{F8F0CC16-5C69-43B1-980D-3E21FDA0BF31}.Debug|Any CPU.Build.0 = Debug|Any CPU
		{F8F0CC16-5C69-43B1-980D-3E21FDA0BF31}.Release|Any CPU.ActiveCfg = Release|Any CPU
		{F8F0CC16-5C69-43B1-980D-3E21FDA0BF31}.Release|Any CPU.Build.0 = Release|Any CPU
	EndGlobalSection
	GlobalSection(SolutionProperties) = preSolution
		HideSolutionNode = FALSE
	EndGlobalSection
	GlobalSection(ExtensibilityGlobals) = postSolution
		SolutionGuid = {79FDFC75-2E13-4DF9-B610-ADFB1AD1E03E}
	EndGlobalSection
EndGlobal
