
Microsoft Visual Studio Solution File, Format Version 12.00
# Visual Studio Version 16
VisualStudioVersion = 16.0.31410.357
MinimumVisualStudioVersion = 10.0.40219.1
Project("{9A19103F-16F7-4668-BE54-9A1E7A4F7556}") = "BERTTokenizers", "src\BERTTokenizers.csproj", "{23A1F782-E9DF-422F-96DA-10F4D952BD00}"
EndProject
Project("{9A19103F-16F7-4668-BE54-9A1E7A4F7556}") = "BERTTokenizers.Tests", "tests\BERTTokenizers.Tests.csproj", "{5D2946F0-0C6F-4BA9-9CFC-C9932A8AF9D9}"
EndProject
Global
	GlobalSection(SolutionConfigurationPlatforms) = preSolution
		Debug|Any CPU = Debug|Any CPU
		Release|Any CPU = Release|Any CPU
	EndGlobalSection
	GlobalSection(ProjectConfigurationPlatforms) = postSolution
		{23A1F782-E9DF-422F-96DA-10F4D952BD00}.Debug|Any CPU.ActiveCfg = Debug|Any CPU
		{23A1F782-E9DF-422F-96DA-10F4D952BD00}.Debug|Any CPU.Build.0 = Debug|Any CPU
		{23A1F782-E9DF-422F-96DA-10F4D952BD00}.Release|Any CPU.ActiveCfg = Release|Any CPU
		{23A1F782-E9DF-422F-96DA-10F4D952BD00}.Release|Any CPU.Build.0 = Release|Any CPU
		{5D2946F0-0C6F-4BA9-9CFC-C9932A8AF9D9}.Debug|Any CPU.ActiveCfg = Debug|Any CPU
		{5D2946F0-0C6F-4BA9-9CFC-C9932A8AF9D9}.Debug|Any CPU.Build.0 = Debug|Any CPU
		{5D2946F0-0C6F-4BA9-9CFC-C9932A8AF9D9}.Release|Any CPU.ActiveCfg = Release|Any CPU
		{5D2946F0-0C6F-4BA9-9CFC-C9932A8AF9D9}.Release|Any CPU.Build.0 = Release|Any CPU
	EndGlobalSection
	GlobalSection(SolutionProperties) = preSolution
		HideSolutionNode = FALSE
	EndGlobalSection
	GlobalSection(ExtensibilityGlobals) = postSolution
		SolutionGuid = {79FDFC75-2E13-4DF9-B610-ADFB1AD1E03E}
	EndGlobalSection
EndGlobal
